
Microsoft Visual Studio Solution File, Format Version 12.00
# Visual Studio Version 17
VisualStudioVersion = 17.4.33205.214
MinimumVisualStudioVersion = 10.0.40219.1
Project("{FAE04EC0-301F-11D3-BF4B-00C04F79EFBC}") = "WebSignalRServer", "WebSignalRServer\WebSignalRServer.csproj", "{07904F12-5724-4C89-B877-C1400FB02B53}"
EndProject
Project("{FAE04EC0-301F-11D3-BF4B-00C04F79EFBC}") = "WebApiSignalRClient", "WebApiSignalRClient\WebApiSignalRClient.csproj", "{71834FFC-302E-459D-9DDE-54B157BADFE2}"
EndProject
Global
	GlobalSection(SolutionConfigurationPlatforms) = preSolution
		Debug|Any CPU = Debug|Any CPU
		Release|Any CPU = Release|Any CPU
	EndGlobalSection
	GlobalSection(ProjectConfigurationPlatforms) = postSolution
		{07904F12-5724-4C89-B877-C1400FB02B53}.Debug|Any CPU.ActiveCfg = Debug|Any CPU
		{07904F12-5724-4C89-B877-C1400FB02B53}.Debug|Any CPU.Build.0 = Debug|Any CPU
		{07904F12-5724-4C89-B877-C1400FB02B53}.Release|Any CPU.ActiveCfg = Release|Any CPU
		{07904F12-5724-4C89-B877-C1400FB02B53}.Release|Any CPU.Build.0 = Release|Any CPU
		{71834FFC-302E-459D-9DDE-54B157BADFE2}.Debug|Any CPU.ActiveCfg = Debug|Any CPU
		{71834FFC-302E-459D-9DDE-54B157BADFE2}.Debug|Any CPU.Build.0 = Debug|Any CPU
		{71834FFC-302E-459D-9DDE-54B157BADFE2}.Release|Any CPU.ActiveCfg = Release|Any CPU
		{71834FFC-302E-459D-9DDE-54B157BADFE2}.Release|Any CPU.Build.0 = Release|Any CPU
	EndGlobalSection
	GlobalSection(SolutionProperties) = preSolution
		HideSolutionNode = FALSE
	EndGlobalSection
	GlobalSection(ExtensibilityGlobals) = postSolution
		SolutionGuid = {1B9C1532-24A4-403C-BD85-91333283942C}
	EndGlobalSection
EndGlobal
